{
   "name": "Drawing",
   "version": "1.0.0",
   "lockfileVersion": 1,
   "requires": true,
   "dependencies": {
      "minimist": {
         "version": "1.2.6",
         "resolved": "https://registry.npmjs.org/minimist/-/minimist-1.2.6.tgz",
         "integrity": "sha512-Jsjnk4bw3YJqYzbdyBiNsPWHPfO++UGG749Cxs6peCu5Xg4nrena6OVxOYxrQTqww0Jmwt+Ref8rggumkTLz9Q=="
      },
      "net": {
         "version": "1.0.2",
         "resolved": "https://registry.npmjs.org/net/-/net-1.0.2.tgz",
         "integrity": "sha1-0XV+yaf7I3HYPPR1XOPifhCCk4g="
      }
   }
}
